
Microsoft Visual Studio Solution File, Format Version 12.00
# Visual Studio 15
VisualStudioVersion = 15.0.26430.12
MinimumVisualStudioVersion = 10.0.40219.1
Project("{DA7A21FA-8162-4350-AD77-A8D1B671F3ED}") = "IntroProb_wk1", "IntroProb_wk1\IntroProb_wk1.rxproj", "{7BDAE836-10DA-49AC-B2F6-29BD446E1096}"
EndProject
Global
	GlobalSection(SolutionConfigurationPlatforms) = preSolution
		Debug|Any CPU = Debug|Any CPU
		Release|Any CPU = Release|Any CPU
	EndGlobalSection
	GlobalSection(ProjectConfigurationPlatforms) = postSolution
		{7BDAE836-10DA-49AC-B2F6-29BD446E1096}.Debug|Any CPU.ActiveCfg = Debug|Any CPU
		{7BDAE836-10DA-49AC-B2F6-29BD446E1096}.Debug|Any CPU.Build.0 = Debug|Any CPU
		{7BDAE836-10DA-49AC-B2F6-29BD446E1096}.Release|Any CPU.ActiveCfg = Release|Any CPU
		{7BDAE836-10DA-49AC-B2F6-29BD446E1096}.Release|Any CPU.Build.0 = Release|Any CPU
	EndGlobalSection
	GlobalSection(SolutionProperties) = preSolution
		HideSolutionNode = FALSE
	EndGlobalSection
EndGlobal
